
Microsoft Visual Studio Solution File, Format Version 11.00
# Visual Studio 2010
Project("{FAE04EC0-301F-11D3-BF4B-00C04F79EFBC}") = "MockJsonServices", "MockJsonServices\MockJsonServices.csproj", "{28350E65-FB0F-4404-8B40-8CEE696E4901}"
EndProject
Project("{FAE04EC0-301F-11D3-BF4B-00C04F79EFBC}") = "BitCoinTradeService", "BitCoinTradeService\BitCoinTradeService.csproj", "{9FBC8928-EA17-4D13-AE80-84A2E6A790B8}"
EndProject
Project("{FAE04EC0-301F-11D3-BF4B-00C04F79EFBC}") = "BitCoinTradeFuncLib", "BitCoinTradeFuncLib\BitCoinTradeFuncLib.csproj", "{FEB7E989-DA04-4657-9911-D409E908B31C}"
EndProject
Project("{FAE04EC0-301F-11D3-BF4B-00C04F79EFBC}") = "BitCoinTradeSystem.Models", "BitCoinTradeSystem.Models\BitCoinTradeSystem.Models.csproj", "{737286FC-58D7-4B8D-9EC7-48B21A01C6A6}"
EndProject
Project("{FAE04EC0-301F-11D3-BF4B-00C04F79EFBC}") = "KLinePages", "KLinePages\KLinePages.csproj", "{19129072-CF58-4869-B58B-4E4FC4C23950}"
EndProject
Global
	GlobalSection(SolutionConfigurationPlatforms) = preSolution
		Debug|Any CPU = Debug|Any CPU
		Debug|Mixed Platforms = Debug|Mixed Platforms
		Debug|x86 = Debug|x86
		Release|Any CPU = Release|Any CPU
		Release|Mixed Platforms = Release|Mixed Platforms
		Release|x86 = Release|x86
	EndGlobalSection
	GlobalSection(ProjectConfigurationPlatforms) = postSolution
		{28350E65-FB0F-4404-8B40-8CEE696E4901}.Debug|Any CPU.ActiveCfg = Debug|Any CPU
		{28350E65-FB0F-4404-8B40-8CEE696E4901}.Debug|Any CPU.Build.0 = Debug|Any CPU
		{28350E65-FB0F-4404-8B40-8CEE696E4901}.Debug|Mixed Platforms.ActiveCfg = Debug|Any CPU
		{28350E65-FB0F-4404-8B40-8CEE696E4901}.Debug|Mixed Platforms.Build.0 = Debug|Any CPU
		{28350E65-FB0F-4404-8B40-8CEE696E4901}.Debug|x86.ActiveCfg = Debug|Any CPU
		{28350E65-FB0F-4404-8B40-8CEE696E4901}.Release|Any CPU.ActiveCfg = Release|Any CPU
		{28350E65-FB0F-4404-8B40-8CEE696E4901}.Release|Any CPU.Build.0 = Release|Any CPU
		{28350E65-FB0F-4404-8B40-8CEE696E4901}.Release|Mixed Platforms.ActiveCfg = Release|Any CPU
		{28350E65-FB0F-4404-8B40-8CEE696E4901}.Release|Mixed Platforms.Build.0 = Release|Any CPU
		{28350E65-FB0F-4404-8B40-8CEE696E4901}.Release|x86.ActiveCfg = Release|Any CPU
		{9FBC8928-EA17-4D13-AE80-84A2E6A790B8}.Debug|Any CPU.ActiveCfg = Debug|x86
		{9FBC8928-EA17-4D13-AE80-84A2E6A790B8}.Debug|Mixed Platforms.ActiveCfg = Debug|x86
		{9FBC8928-EA17-4D13-AE80-84A2E6A790B8}.Debug|Mixed Platforms.Build.0 = Debug|x86
		{9FBC8928-EA17-4D13-AE80-84A2E6A790B8}.Debug|x86.ActiveCfg = Debug|x86
		{9FBC8928-EA17-4D13-AE80-84A2E6A790B8}.Debug|x86.Build.0 = Debug|x86
		{9FBC8928-EA17-4D13-AE80-84A2E6A790B8}.Release|Any CPU.ActiveCfg = Release|x86
		{9FBC8928-EA17-4D13-AE80-84A2E6A790B8}.Release|Mixed Platforms.ActiveCfg = Release|x86
		{9FBC8928-EA17-4D13-AE80-84A2E6A790B8}.Release|Mixed Platforms.Build.0 = Release|x86
		{9FBC8928-EA17-4D13-AE80-84A2E6A790B8}.Release|x86.ActiveCfg = Release|x86
		{9FBC8928-EA17-4D13-AE80-84A2E6A790B8}.Release|x86.Build.0 = Release|x86
		{FEB7E989-DA04-4657-9911-D409E908B31C}.Debug|Any CPU.ActiveCfg = Debug|Any CPU
		{FEB7E989-DA04-4657-9911-D409E908B31C}.Debug|Any CPU.Build.0 = Debug|Any CPU
		{FEB7E989-DA04-4657-9911-D409E908B31C}.Debug|Mixed Platforms.ActiveCfg = Debug|Any CPU
		{FEB7E989-DA04-4657-9911-D409E908B31C}.Debug|Mixed Platforms.Build.0 = Debug|Any CPU
		{FEB7E989-DA04-4657-9911-D409E908B31C}.Debug|x86.ActiveCfg = Debug|Any CPU
		{FEB7E989-DA04-4657-9911-D409E908B31C}.Release|Any CPU.ActiveCfg = Release|Any CPU
		{FEB7E989-DA04-4657-9911-D409E908B31C}.Release|Any CPU.Build.0 = Release|Any CPU
		{FEB7E989-DA04-4657-9911-D409E908B31C}.Release|Mixed Platforms.ActiveCfg = Release|Any CPU
		{FEB7E989-DA04-4657-9911-D409E908B31C}.Release|Mixed Platforms.Build.0 = Release|Any CPU
		{FEB7E989-DA04-4657-9911-D409E908B31C}.Release|x86.ActiveCfg = Release|Any CPU
		{737286FC-58D7-4B8D-9EC7-48B21A01C6A6}.Debug|Any CPU.ActiveCfg = Debug|Any CPU
		{737286FC-58D7-4B8D-9EC7-48B21A01C6A6}.Debug|Any CPU.Build.0 = Debug|Any CPU
		{737286FC-58D7-4B8D-9EC7-48B21A01C6A6}.Debug|Mixed Platforms.ActiveCfg = Debug|Any CPU
		{737286FC-58D7-4B8D-9EC7-48B21A01C6A6}.Debug|Mixed Platforms.Build.0 = Debug|Any CPU
		{737286FC-58D7-4B8D-9EC7-48B21A01C6A6}.Debug|x86.ActiveCfg = Debug|Any CPU
		{737286FC-58D7-4B8D-9EC7-48B21A01C6A6}.Release|Any CPU.ActiveCfg = Release|Any CPU
		{737286FC-58D7-4B8D-9EC7-48B21A01C6A6}.Release|Any CPU.Build.0 = Release|Any CPU
		{737286FC-58D7-4B8D-9EC7-48B21A01C6A6}.Release|Mixed Platforms.ActiveCfg = Release|Any CPU
		{737286FC-58D7-4B8D-9EC7-48B21A01C6A6}.Release|Mixed Platforms.Build.0 = Release|Any CPU
		{737286FC-58D7-4B8D-9EC7-48B21A01C6A6}.Release|x86.ActiveCfg = Release|Any CPU
		{19129072-CF58-4869-B58B-4E4FC4C23950}.Debug|Any CPU.ActiveCfg = Debug|Any CPU
		{19129072-CF58-4869-B58B-4E4FC4C23950}.Debug|Any CPU.Build.0 = Debug|Any CPU
		{19129072-CF58-4869-B58B-4E4FC4C23950}.Debug|Mixed Platforms.ActiveCfg = Debug|Any CPU
		{19129072-CF58-4869-B58B-4E4FC4C23950}.Debug|Mixed Platforms.Build.0 = Debug|Any CPU
		{19129072-CF58-4869-B58B-4E4FC4C23950}.Debug|x86.ActiveCfg = Debug|Any CPU
		{19129072-CF58-4869-B58B-4E4FC4C23950}.Release|Any CPU.ActiveCfg = Release|Any CPU
		{19129072-CF58-4869-B58B-4E4FC4C23950}.Release|Any CPU.Build.0 = Release|Any CPU
		{19129072-CF58-4869-B58B-4E4FC4C23950}.Release|Mixed Platforms.ActiveCfg = Release|Any CPU
		{19129072-CF58-4869-B58B-4E4FC4C23950}.Release|Mixed Platforms.Build.0 = Release|Any CPU
		{19129072-CF58-4869-B58B-4E4FC4C23950}.Release|x86.ActiveCfg = Release|Any CPU
	EndGlobalSection
	GlobalSection(SolutionProperties) = preSolution
		HideSolutionNode = FALSE
	EndGlobalSection
EndGlobal
